# This file is automatically generated by pnpm
lockfileVersion: '9.0'

settings:
  autoInstallPeers: true
  excludeLinksFromLockfile: false

importers:
  .:
    dependencies:
      motion:
        specifier: ^10.18.0
        version: 10.18.0
      react:
        specifier: 19.0.0-rc-85cf1a16-20240718
        version: 19.0.0-rc-85cf1a16-20240718
      react-dom:
        specifier: 19.0.0-rc-85cf1a16-20240718
        version: 19.0.0-rc-85cf1a16-20240718
    devDependencies:
      vite:
        specifier: 7.0.4
        version: 7.0.4
      vite-plugin-imagemin:
        specifier: ^0.6.1
        version: 0.6.1
      vite-plugin-compress:
        specifier: ^0.5.1
        version: 0.5.1
      vite-plugin-avif-sequence:
        specifier: ^0.1.0
        version: 0.1.0
      vite-plugin-split-vendor:
        specifier: ^0.5.0
        version: 0.5.0